# This file was autogenerated by Stack.
# You should not edit this file by hand.
# For more information, please see the documentation at:
#   https://docs.haskellstack.org/en/stable/lock_files

packages:
- completed:
    hackage: katip-0.8.3.0@sha256:8a67c0aec3ba1f0eabcfae443cb909e4cf9405e29bac99ccf1420f1f1bbda9c4,4097
    pantry-tree:
      size: 1140
      sha256: cad8c67256ec85819309d77bdcbc15b67885940ef76f2b850c8be20c2efd0149
  original:
    hackage: katip-0.8.3.0
- completed:
    hackage: oidc-client-0.4.0.1@sha256:d35d29351ea7db2aa0ecd4b4792b8bac4bf13f10c050e3c0cab0072b74acd996,3306
    pantry-tree:
      size: 1153
      sha256: 8e5ea55cd0d5140c7595a7a2a6d6a039f29a61c2b339b0d850e062369f897206
  original:
    hackage: oidc-client-0.4.0.1
- completed:
    size: 1908345
    subdir: kubernetes
    url: https://github.com/kubernetes-client/haskell/archive/779d6192d45752dcd5f7c137b9a839e031104931.tar.gz
    name: kubernetes-client-core
    version: 0.2.0.0
    sha256: 4ea8710b7efa1555efde31c0849d791c54494ec4a5f5122946e0ec44ac9c755a
    pantry-tree:
      size: 7808
      sha256: 994d66c998aea49be0e1405aaf79b4b9f2826a5537d99bbabe925dc40c280d12
  original:
    subdir: kubernetes
    url: https://github.com/kubernetes-client/haskell/archive/779d6192d45752dcd5f7c137b9a839e031104931.tar.gz
snapshots:
- completed:
    size: 524996
    url: https://raw.githubusercontent.com/commercialhaskell/stackage-snapshots/master/lts/14/27.yaml
    sha256: 7ea31a280c56bf36ff591a7397cc384d0dff622e7f9e4225b47d8980f019a0f0
  original: lts-14.27
